
Microsoft Visual Studio Solution File, Format Version 12.00
# Visual Studio Version 17
VisualStudioVersion = 17.0.31903.59
MinimumVisualStudioVersion = 10.0.40219.1
Project("{2150E333-8FDC-42A3-9474-1A3956D46DE8}") = "src", "src", "{0F9ED51A-ED3A-44AF-96FD-AF1A84A075F7}"
EndProject
Project("{FAE04EC0-301F-11D3-BF4B-00C04F79EFBC}") = "BackendService", "src\BackendService\BackendService.csproj", "{6AB06899-E26E-493D-8ACE-C03FFFF1B60B}"
EndProject
Project("{FAE04EC0-301F-11D3-BF4B-00C04F79EFBC}") = "DeviceSimulator", "src\DeviceSimulator\DeviceSimulator.csproj", "{ACA574E5-D9BC-4A9E-91CE-AC7D24577CB5}"
EndProject
Project("{FAE04EC0-301F-11D3-BF4B-00C04F79EFBC}") = "Common", "src\Common\Common.csproj", "{F02F44CE-2C4C-441E-B365-36DF3E9BFD2B}"
EndProject
Global
	GlobalSection(SolutionConfigurationPlatforms) = preSolution
		Debug|Any CPU = Debug|Any CPU
		Release|Any CPU = Release|Any CPU
	EndGlobalSection
	GlobalSection(SolutionProperties) = preSolution
		HideSolutionNode = FALSE
	EndGlobalSection
	GlobalSection(ProjectConfigurationPlatforms) = postSolution
		{6AB06899-E26E-493D-8ACE-C03FFFF1B60B}.Debug|Any CPU.ActiveCfg = Debug|Any CPU
		{6AB06899-E26E-493D-8ACE-C03FFFF1B60B}.Debug|Any CPU.Build.0 = Debug|Any CPU
		{6AB06899-E26E-493D-8ACE-C03FFFF1B60B}.Release|Any CPU.ActiveCfg = Release|Any CPU
		{6AB06899-E26E-493D-8ACE-C03FFFF1B60B}.Release|Any CPU.Build.0 = Release|Any CPU
		{ACA574E5-D9BC-4A9E-91CE-AC7D24577CB5}.Debug|Any CPU.ActiveCfg = Debug|Any CPU
		{ACA574E5-D9BC-4A9E-91CE-AC7D24577CB5}.Debug|Any CPU.Build.0 = Debug|Any CPU
		{ACA574E5-D9BC-4A9E-91CE-AC7D24577CB5}.Release|Any CPU.ActiveCfg = Release|Any CPU
		{ACA574E5-D9BC-4A9E-91CE-AC7D24577CB5}.Release|Any CPU.Build.0 = Release|Any CPU
		{F02F44CE-2C4C-441E-B365-36DF3E9BFD2B}.Debug|Any CPU.ActiveCfg = Debug|Any CPU
		{F02F44CE-2C4C-441E-B365-36DF3E9BFD2B}.Debug|Any CPU.Build.0 = Debug|Any CPU
		{F02F44CE-2C4C-441E-B365-36DF3E9BFD2B}.Release|Any CPU.ActiveCfg = Release|Any CPU
		{F02F44CE-2C4C-441E-B365-36DF3E9BFD2B}.Release|Any CPU.Build.0 = Release|Any CPU
	EndGlobalSection
	GlobalSection(NestedProjects) = preSolution
		{6AB06899-E26E-493D-8ACE-C03FFFF1B60B} = {0F9ED51A-ED3A-44AF-96FD-AF1A84A075F7}
		{ACA574E5-D9BC-4A9E-91CE-AC7D24577CB5} = {0F9ED51A-ED3A-44AF-96FD-AF1A84A075F7}
		{F02F44CE-2C4C-441E-B365-36DF3E9BFD2B} = {0F9ED51A-ED3A-44AF-96FD-AF1A84A075F7}
	EndGlobalSection
EndGlobal
